
Microsoft Visual Studio Solution File, Format Version 12.00
# Visual Studio Version 17
VisualStudioVersion = 17.7.34024.191
MinimumVisualStudioVersion = 10.0.40219.1
Project("{FAE04EC0-301F-11D3-BF4B-00C04F79EFBC}") = "2023.10.13 Övningar Lektion 3 - Klasser", "2023.10.13 Övningar Lektion 3 - Klasser\2023.10.13 Övningar Lektion 3 - Klasser.csproj", "{0641A3DD-1180-4EAA-8826-1EB67CB12210}"
EndProject
Global
	GlobalSection(SolutionConfigurationPlatforms) = preSolution
		Debug|Any CPU = Debug|Any CPU
		Release|Any CPU = Release|Any CPU
	EndGlobalSection
	GlobalSection(ProjectConfigurationPlatforms) = postSolution
		{0641A3DD-1180-4EAA-8826-1EB67CB12210}.Debug|Any CPU.ActiveCfg = Debug|Any CPU
		{0641A3DD-1180-4EAA-8826-1EB67CB12210}.Debug|Any CPU.Build.0 = Debug|Any CPU
		{0641A3DD-1180-4EAA-8826-1EB67CB12210}.Release|Any CPU.ActiveCfg = Release|Any CPU
		{0641A3DD-1180-4EAA-8826-1EB67CB12210}.Release|Any CPU.Build.0 = Release|Any CPU
	EndGlobalSection
	GlobalSection(SolutionProperties) = preSolution
		HideSolutionNode = FALSE
	EndGlobalSection
	GlobalSection(ExtensibilityGlobals) = postSolution
		SolutionGuid = {AC6DDF96-A7B6-44BD-9E41-624727B2765D}
	EndGlobalSection
EndGlobal
